
Microsoft Visual Studio Solution File, Format Version 12.00
# Visual Studio Version 17
VisualStudioVersion = 17.6.33815.320
MinimumVisualStudioVersion = 10.0.40219.1
Project("{9A19103F-16F7-4668-BE54-9A1E7A4F7556}") = "ApiRestNetforemost", "ApiRestNetforemost\ApiRestNetforemost.csproj", "{1F778900-088D-4827-A3A9-E9FD2CEC85FA}"
EndProject
Project("{FAE04EC0-301F-11D3-BF4B-00C04F79EFBC}") = "ApiTest", "ApiTest\ApiTest.csproj", "{758E7688-7C6A-45A6-BE7E-843113C36A67}"
EndProject
Global
	GlobalSection(SolutionConfigurationPlatforms) = preSolution
		Debug|Any CPU = Debug|Any CPU
		Release|Any CPU = Release|Any CPU
	EndGlobalSection
	GlobalSection(ProjectConfigurationPlatforms) = postSolution
		{1F778900-088D-4827-A3A9-E9FD2CEC85FA}.Debug|Any CPU.ActiveCfg = Debug|Any CPU
		{1F778900-088D-4827-A3A9-E9FD2CEC85FA}.Debug|Any CPU.Build.0 = Debug|Any CPU
		{1F778900-088D-4827-A3A9-E9FD2CEC85FA}.Release|Any CPU.ActiveCfg = Release|Any CPU
		{1F778900-088D-4827-A3A9-E9FD2CEC85FA}.Release|Any CPU.Build.0 = Release|Any CPU
		{758E7688-7C6A-45A6-BE7E-843113C36A67}.Debug|Any CPU.ActiveCfg = Debug|Any CPU
		{758E7688-7C6A-45A6-BE7E-843113C36A67}.Debug|Any CPU.Build.0 = Debug|Any CPU
		{758E7688-7C6A-45A6-BE7E-843113C36A67}.Release|Any CPU.ActiveCfg = Release|Any CPU
		{758E7688-7C6A-45A6-BE7E-843113C36A67}.Release|Any CPU.Build.0 = Release|Any CPU
	EndGlobalSection
	GlobalSection(SolutionProperties) = preSolution
		HideSolutionNode = FALSE
	EndGlobalSection
	GlobalSection(ExtensibilityGlobals) = postSolution
		SolutionGuid = {861AC6D7-4D02-4D2B-81B7-84EF7F5F75BD}
	EndGlobalSection
EndGlobal
